
Microsoft Visual Studio Solution File, Format Version 12.00
# Visual Studio Version 16
VisualStudioVersion = 16.0.29215.179
MinimumVisualStudioVersion = 10.0.40219.1
Project("{FAE04EC0-301F-11D3-BF4B-00C04F79EFBC}") = "CheckUserDateFormat", "CheckUserDateFormat.csproj", "{EC5C9C98-8DEB-4A44-AB38-5FD47A631C9D}"
EndProject
Global
	GlobalSection(SolutionConfigurationPlatforms) = preSolution
		Debug|Any CPU = Debug|Any CPU
		Release|Any CPU = Release|Any CPU
	EndGlobalSection
	GlobalSection(ProjectConfigurationPlatforms) = postSolution
		{EC5C9C98-8DEB-4A44-AB38-5FD47A631C9D}.Debug|Any CPU.ActiveCfg = Debug|Any CPU
		{EC5C9C98-8DEB-4A44-AB38-5FD47A631C9D}.Debug|Any CPU.Build.0 = Debug|Any CPU
		{EC5C9C98-8DEB-4A44-AB38-5FD47A631C9D}.Release|Any CPU.ActiveCfg = Release|Any CPU
		{EC5C9C98-8DEB-4A44-AB38-5FD47A631C9D}.Release|Any CPU.Build.0 = Release|Any CPU
	EndGlobalSection
	GlobalSection(SolutionProperties) = preSolution
		HideSolutionNode = FALSE
	EndGlobalSection
	GlobalSection(ExtensibilityGlobals) = postSolution
		SolutionGuid = {9F972F56-6CE2-4207-AA59-3999D8C2F855}
	EndGlobalSection
EndGlobal
