
Microsoft Visual Studio Solution File, Format Version 12.00
# Visual Studio Version 16
VisualStudioVersion = 16.0.29215.179
MinimumVisualStudioVersion = 10.0.40219.1
Project("{FAE04EC0-301F-11D3-BF4B-00C04F79EFBC}") = "Class-Case-Syntax-Ex", "Class-Case-Syntax-Ex\Class-Case-Syntax-Ex.csproj", "{255B9B67-4D93-4322-A8EA-F2E5984B0EEA}"
EndProject
Global
	GlobalSection(SolutionConfigurationPlatforms) = preSolution
		Debug|Any CPU = Debug|Any CPU
		Release|Any CPU = Release|Any CPU
	EndGlobalSection
	GlobalSection(ProjectConfigurationPlatforms) = postSolution
		{255B9B67-4D93-4322-A8EA-F2E5984B0EEA}.Debug|Any CPU.ActiveCfg = Debug|Any CPU
		{255B9B67-4D93-4322-A8EA-F2E5984B0EEA}.Debug|Any CPU.Build.0 = Debug|Any CPU
		{255B9B67-4D93-4322-A8EA-F2E5984B0EEA}.Release|Any CPU.ActiveCfg = Release|Any CPU
		{255B9B67-4D93-4322-A8EA-F2E5984B0EEA}.Release|Any CPU.Build.0 = Release|Any CPU
	EndGlobalSection
	GlobalSection(SolutionProperties) = preSolution
		HideSolutionNode = FALSE
	EndGlobalSection
	GlobalSection(ExtensibilityGlobals) = postSolution
		SolutionGuid = {451E2205-8207-4873-B117-EC4282300FE3}
	EndGlobalSection
EndGlobal
