
Microsoft Visual Studio Solution File, Format Version 12.00
# Visual Studio Version 16
VisualStudioVersion = 16.0.29411.108
MinimumVisualStudioVersion = 10.0.40219.1
Project("{FAE04EC0-301F-11D3-BF4B-00C04F79EFBC}") = "FilesReading", "FilesReading\FilesReading.csproj", "{ED6A25A2-7AAE-446E-8DDD-2E2F13166EED}"
EndProject
Global
	GlobalSection(SolutionConfigurationPlatforms) = preSolution
		Debug|Any CPU = Debug|Any CPU
		Release|Any CPU = Release|Any CPU
	EndGlobalSection
	GlobalSection(ProjectConfigurationPlatforms) = postSolution
		{ED6A25A2-7AAE-446E-8DDD-2E2F13166EED}.Debug|Any CPU.ActiveCfg = Debug|Any CPU
		{ED6A25A2-7AAE-446E-8DDD-2E2F13166EED}.Debug|Any CPU.Build.0 = Debug|Any CPU
		{ED6A25A2-7AAE-446E-8DDD-2E2F13166EED}.Release|Any CPU.ActiveCfg = Release|Any CPU
		{ED6A25A2-7AAE-446E-8DDD-2E2F13166EED}.Release|Any CPU.Build.0 = Release|Any CPU
	EndGlobalSection
	GlobalSection(SolutionProperties) = preSolution
		HideSolutionNode = FALSE
	EndGlobalSection
	GlobalSection(ExtensibilityGlobals) = postSolution
		SolutionGuid = {E896A35E-EC6B-4B25-AD22-CA8CCDBE5D9F}
	EndGlobalSection
EndGlobal
