
Microsoft Visual Studio Solution File, Format Version 12.00
# Visual Studio Version 16
VisualStudioVersion = 16.0.29411.108
MinimumVisualStudioVersion = 10.0.40219.1
Project("{FAE04EC0-301F-11D3-BF4B-00C04F79EFBC}") = "StringCapitalizeExtension", "StringCapitalizeExtension\StringCapitalizeExtension.csproj", "{39D2403C-5CD1-4AAD-BD51-10BADDAD7A03}"
EndProject
Global
	GlobalSection(SolutionConfigurationPlatforms) = preSolution
		Debug|Any CPU = Debug|Any CPU
		Release|Any CPU = Release|Any CPU
	EndGlobalSection
	GlobalSection(ProjectConfigurationPlatforms) = postSolution
		{39D2403C-5CD1-4AAD-BD51-10BADDAD7A03}.Debug|Any CPU.ActiveCfg = Debug|Any CPU
		{39D2403C-5CD1-4AAD-BD51-10BADDAD7A03}.Debug|Any CPU.Build.0 = Debug|Any CPU
		{39D2403C-5CD1-4AAD-BD51-10BADDAD7A03}.Release|Any CPU.ActiveCfg = Release|Any CPU
		{39D2403C-5CD1-4AAD-BD51-10BADDAD7A03}.Release|Any CPU.Build.0 = Release|Any CPU
	EndGlobalSection
	GlobalSection(SolutionProperties) = preSolution
		HideSolutionNode = FALSE
	EndGlobalSection
	GlobalSection(ExtensibilityGlobals) = postSolution
		SolutionGuid = {680BEF58-DB90-4F77-AD15-4F11D6C784DA}
	EndGlobalSection
EndGlobal
