
Microsoft Visual Studio Solution File, Format Version 12.00
# Visual Studio Version 16
VisualStudioVersion = 16.0.29411.108
MinimumVisualStudioVersion = 10.0.40219.1
Project("{FAE04EC0-301F-11D3-BF4B-00C04F79EFBC}") = "StackTest", "StackTest\StackTest.csproj", "{74DB26AD-434A-4762-942B-F4FBAE0CBBDB}"
EndProject
Global
	GlobalSection(SolutionConfigurationPlatforms) = preSolution
		Debug|Any CPU = Debug|Any CPU
		Release|Any CPU = Release|Any CPU
	EndGlobalSection
	GlobalSection(ProjectConfigurationPlatforms) = postSolution
		{74DB26AD-434A-4762-942B-F4FBAE0CBBDB}.Debug|Any CPU.ActiveCfg = Debug|Any CPU
		{74DB26AD-434A-4762-942B-F4FBAE0CBBDB}.Debug|Any CPU.Build.0 = Debug|Any CPU
		{74DB26AD-434A-4762-942B-F4FBAE0CBBDB}.Release|Any CPU.ActiveCfg = Release|Any CPU
		{74DB26AD-434A-4762-942B-F4FBAE0CBBDB}.Release|Any CPU.Build.0 = Release|Any CPU
	EndGlobalSection
	GlobalSection(SolutionProperties) = preSolution
		HideSolutionNode = FALSE
	EndGlobalSection
	GlobalSection(ExtensibilityGlobals) = postSolution
		SolutionGuid = {83CB7EC1-6023-4EEA-900C-BED82887F0E7}
	EndGlobalSection
EndGlobal
