
Microsoft Visual Studio Solution File, Format Version 12.00
# Visual Studio Version 16
VisualStudioVersion = 16.0.29215.179
MinimumVisualStudioVersion = 10.0.40219.1
Project("{FAE04EC0-301F-11D3-BF4B-00C04F79EFBC}") = "upcasting-downcasting", "upcasting-downcasting\upcasting-downcasting.csproj", "{775A0CA5-442E-4B62-A8B7-69A87B7049E3}"
EndProject
Global
	GlobalSection(SolutionConfigurationPlatforms) = preSolution
		Debug|Any CPU = Debug|Any CPU
		Release|Any CPU = Release|Any CPU
	EndGlobalSection
	GlobalSection(ProjectConfigurationPlatforms) = postSolution
		{775A0CA5-442E-4B62-A8B7-69A87B7049E3}.Debug|Any CPU.ActiveCfg = Debug|Any CPU
		{775A0CA5-442E-4B62-A8B7-69A87B7049E3}.Debug|Any CPU.Build.0 = Debug|Any CPU
		{775A0CA5-442E-4B62-A8B7-69A87B7049E3}.Release|Any CPU.ActiveCfg = Release|Any CPU
		{775A0CA5-442E-4B62-A8B7-69A87B7049E3}.Release|Any CPU.Build.0 = Release|Any CPU
	EndGlobalSection
	GlobalSection(SolutionProperties) = preSolution
		HideSolutionNode = FALSE
	EndGlobalSection
	GlobalSection(ExtensibilityGlobals) = postSolution
		SolutionGuid = {41DCEE68-B9A4-460B-9D66-18710D0A8D69}
	EndGlobalSection
EndGlobal
