
Microsoft Visual Studio Solution File, Format Version 12.00
# Visual Studio Version 16
VisualStudioVersion = 16.0.29215.179
MinimumVisualStudioVersion = 10.0.40219.1
Project("{FAE04EC0-301F-11D3-BF4B-00C04F79EFBC}") = "PascalCaser", "PascalCaser.csproj", "{6C3D2765-8A0D-4F52-8F24-66BE6184F520}"
EndProject
Global
	GlobalSection(SolutionConfigurationPlatforms) = preSolution
		Debug|Any CPU = Debug|Any CPU
		Release|Any CPU = Release|Any CPU
	EndGlobalSection
	GlobalSection(ProjectConfigurationPlatforms) = postSolution
		{6C3D2765-8A0D-4F52-8F24-66BE6184F520}.Debug|Any CPU.ActiveCfg = Debug|Any CPU
		{6C3D2765-8A0D-4F52-8F24-66BE6184F520}.Debug|Any CPU.Build.0 = Debug|Any CPU
		{6C3D2765-8A0D-4F52-8F24-66BE6184F520}.Release|Any CPU.ActiveCfg = Release|Any CPU
		{6C3D2765-8A0D-4F52-8F24-66BE6184F520}.Release|Any CPU.Build.0 = Release|Any CPU
	EndGlobalSection
	GlobalSection(SolutionProperties) = preSolution
		HideSolutionNode = FALSE
	EndGlobalSection
	GlobalSection(ExtensibilityGlobals) = postSolution
		SolutionGuid = {85BDA56D-9785-486F-BCF1-E0EF81792243}
	EndGlobalSection
EndGlobal
