
Microsoft Visual Studio Solution File, Format Version 12.00
# Visual Studio Version 16
VisualStudioVersion = 16.0.29215.179
MinimumVisualStudioVersion = 10.0.40219.1
Project("{FAE04EC0-301F-11D3-BF4B-00C04F79EFBC}") = "RemainderCount", "RemainderCount.csproj", "{B2E612E3-3194-4CDC-8ABF-6CFC904AAFB9}"
EndProject
Global
	GlobalSection(SolutionConfigurationPlatforms) = preSolution
		Debug|Any CPU = Debug|Any CPU
		Release|Any CPU = Release|Any CPU
	EndGlobalSection
	GlobalSection(ProjectConfigurationPlatforms) = postSolution
		{B2E612E3-3194-4CDC-8ABF-6CFC904AAFB9}.Debug|Any CPU.ActiveCfg = Debug|Any CPU
		{B2E612E3-3194-4CDC-8ABF-6CFC904AAFB9}.Debug|Any CPU.Build.0 = Debug|Any CPU
		{B2E612E3-3194-4CDC-8ABF-6CFC904AAFB9}.Release|Any CPU.ActiveCfg = Release|Any CPU
		{B2E612E3-3194-4CDC-8ABF-6CFC904AAFB9}.Release|Any CPU.Build.0 = Release|Any CPU
	EndGlobalSection
	GlobalSection(SolutionProperties) = preSolution
		HideSolutionNode = FALSE
	EndGlobalSection
	GlobalSection(ExtensibilityGlobals) = postSolution
		SolutionGuid = {812B0422-C945-4214-9713-E4345BB7DA0C}
	EndGlobalSection
EndGlobal
