
Microsoft Visual Studio Solution File, Format Version 12.00
# Visual Studio Version 16
VisualStudioVersion = 16.0.29215.179
MinimumVisualStudioVersion = 10.0.40219.1
Project("{FAE04EC0-301F-11D3-BF4B-00C04F79EFBC}") = "Casting", "Casting\Casting.csproj", "{7D9D4902-49AF-45A6-98D4-36E8087BBB0F}"
EndProject
Global
	GlobalSection(SolutionConfigurationPlatforms) = preSolution
		Debug|Any CPU = Debug|Any CPU
		Release|Any CPU = Release|Any CPU
	EndGlobalSection
	GlobalSection(ProjectConfigurationPlatforms) = postSolution
		{7D9D4902-49AF-45A6-98D4-36E8087BBB0F}.Debug|Any CPU.ActiveCfg = Debug|Any CPU
		{7D9D4902-49AF-45A6-98D4-36E8087BBB0F}.Debug|Any CPU.Build.0 = Debug|Any CPU
		{7D9D4902-49AF-45A6-98D4-36E8087BBB0F}.Release|Any CPU.ActiveCfg = Release|Any CPU
		{7D9D4902-49AF-45A6-98D4-36E8087BBB0F}.Release|Any CPU.Build.0 = Release|Any CPU
	EndGlobalSection
	GlobalSection(SolutionProperties) = preSolution
		HideSolutionNode = FALSE
	EndGlobalSection
	GlobalSection(ExtensibilityGlobals) = postSolution
		SolutionGuid = {1BACFA75-BD7C-416B-8259-81608A8CFB9C}
	EndGlobalSection
EndGlobal
