
Microsoft Visual Studio Solution File, Format Version 12.00
# Visual Studio Version 16
VisualStudioVersion = 16.0.29215.179
MinimumVisualStudioVersion = 10.0.40219.1
Project("{FAE04EC0-301F-11D3-BF4B-00C04F79EFBC}") = "constructors-inheritance", "constructors-inheritance\constructors-inheritance.csproj", "{D886ABAD-85E1-4DC5-A1B1-DFA192FA666F}"
EndProject
Global
	GlobalSection(SolutionConfigurationPlatforms) = preSolution
		Debug|Any CPU = Debug|Any CPU
		Release|Any CPU = Release|Any CPU
	EndGlobalSection
	GlobalSection(ProjectConfigurationPlatforms) = postSolution
		{D886ABAD-85E1-4DC5-A1B1-DFA192FA666F}.Debug|Any CPU.ActiveCfg = Debug|Any CPU
		{D886ABAD-85E1-4DC5-A1B1-DFA192FA666F}.Debug|Any CPU.Build.0 = Debug|Any CPU
		{D886ABAD-85E1-4DC5-A1B1-DFA192FA666F}.Release|Any CPU.ActiveCfg = Release|Any CPU
		{D886ABAD-85E1-4DC5-A1B1-DFA192FA666F}.Release|Any CPU.Build.0 = Release|Any CPU
	EndGlobalSection
	GlobalSection(SolutionProperties) = preSolution
		HideSolutionNode = FALSE
	EndGlobalSection
	GlobalSection(ExtensibilityGlobals) = postSolution
		SolutionGuid = {D3642C11-3DA0-46DE-B921-D5E580048897}
	EndGlobalSection
EndGlobal
