
Microsoft Visual Studio Solution File, Format Version 12.00
# Visual Studio Version 16
VisualStudioVersion = 16.0.29411.108
MinimumVisualStudioVersion = 10.0.40219.1
Project("{FAE04EC0-301F-11D3-BF4B-00C04F79EFBC}") = "GenericArguments", "GenericArguments\GenericArguments.csproj", "{B8B6998C-D0F2-4E0F-B911-A5EB3AE9603B}"
EndProject
Global
	GlobalSection(SolutionConfigurationPlatforms) = preSolution
		Debug|Any CPU = Debug|Any CPU
		Release|Any CPU = Release|Any CPU
	EndGlobalSection
	GlobalSection(ProjectConfigurationPlatforms) = postSolution
		{B8B6998C-D0F2-4E0F-B911-A5EB3AE9603B}.Debug|Any CPU.ActiveCfg = Debug|Any CPU
		{B8B6998C-D0F2-4E0F-B911-A5EB3AE9603B}.Debug|Any CPU.Build.0 = Debug|Any CPU
		{B8B6998C-D0F2-4E0F-B911-A5EB3AE9603B}.Release|Any CPU.ActiveCfg = Release|Any CPU
		{B8B6998C-D0F2-4E0F-B911-A5EB3AE9603B}.Release|Any CPU.Build.0 = Release|Any CPU
	EndGlobalSection
	GlobalSection(SolutionProperties) = preSolution
		HideSolutionNode = FALSE
	EndGlobalSection
	GlobalSection(ExtensibilityGlobals) = postSolution
		SolutionGuid = {10A7C938-A4D4-4C8E-8C07-33D500781C7D}
	EndGlobalSection
EndGlobal
