
Microsoft Visual Studio Solution File, Format Version 12.00
# Visual Studio Version 16
VisualStudioVersion = 16.0.29411.108
MinimumVisualStudioVersion = 10.0.40219.1
Project("{FAE04EC0-301F-11D3-BF4B-00C04F79EFBC}") = "LambdaExpression", "LambdaExpression\LambdaExpression.csproj", "{B48B0F8D-F509-4450-A5DD-C4A27D965CA7}"
EndProject
Global
	GlobalSection(SolutionConfigurationPlatforms) = preSolution
		Debug|Any CPU = Debug|Any CPU
		Release|Any CPU = Release|Any CPU
	EndGlobalSection
	GlobalSection(ProjectConfigurationPlatforms) = postSolution
		{B48B0F8D-F509-4450-A5DD-C4A27D965CA7}.Debug|Any CPU.ActiveCfg = Debug|Any CPU
		{B48B0F8D-F509-4450-A5DD-C4A27D965CA7}.Debug|Any CPU.Build.0 = Debug|Any CPU
		{B48B0F8D-F509-4450-A5DD-C4A27D965CA7}.Release|Any CPU.ActiveCfg = Release|Any CPU
		{B48B0F8D-F509-4450-A5DD-C4A27D965CA7}.Release|Any CPU.Build.0 = Release|Any CPU
	EndGlobalSection
	GlobalSection(SolutionProperties) = preSolution
		HideSolutionNode = FALSE
	EndGlobalSection
	GlobalSection(ExtensibilityGlobals) = postSolution
		SolutionGuid = {8C5EBCEB-0433-4B4D-BA16-A2841D2C6682}
	EndGlobalSection
EndGlobal
