
Microsoft Visual Studio Solution File, Format Version 12.00
# Visual Studio Version 16
VisualStudioVersion = 16.0.29215.179
MinimumVisualStudioVersion = 10.0.40219.1
Project("{FAE04EC0-301F-11D3-BF4B-00C04F79EFBC}") = "Arrays", "Arrays.csproj", "{BA7EB0A3-EE06-44A4-A153-5A5CCD8A66E5}"
EndProject
Global
	GlobalSection(SolutionConfigurationPlatforms) = preSolution
		Debug|Any CPU = Debug|Any CPU
		Release|Any CPU = Release|Any CPU
	EndGlobalSection
	GlobalSection(ProjectConfigurationPlatforms) = postSolution
		{BA7EB0A3-EE06-44A4-A153-5A5CCD8A66E5}.Debug|Any CPU.ActiveCfg = Debug|Any CPU
		{BA7EB0A3-EE06-44A4-A153-5A5CCD8A66E5}.Debug|Any CPU.Build.0 = Debug|Any CPU
		{BA7EB0A3-EE06-44A4-A153-5A5CCD8A66E5}.Release|Any CPU.ActiveCfg = Release|Any CPU
		{BA7EB0A3-EE06-44A4-A153-5A5CCD8A66E5}.Release|Any CPU.Build.0 = Release|Any CPU
	EndGlobalSection
	GlobalSection(SolutionProperties) = preSolution
		HideSolutionNode = FALSE
	EndGlobalSection
	GlobalSection(ExtensibilityGlobals) = postSolution
		SolutionGuid = {882A25A9-B89C-4E9A-B4FD-20530BE0D523}
	EndGlobalSection
EndGlobal
