
Microsoft Visual Studio Solution File, Format Version 12.00
# Visual Studio Version 16
VisualStudioVersion = 16.0.29215.179
MinimumVisualStudioVersion = 10.0.40219.1
Project("{FAE04EC0-301F-11D3-BF4B-00C04F79EFBC}") = "Test2", "Test2\Test2.csproj", "{EFA5EF5E-B758-4DB8-9F99-3223A29C5076}"
EndProject
Global
	GlobalSection(SolutionConfigurationPlatforms) = preSolution
		Debug|Any CPU = Debug|Any CPU
		Release|Any CPU = Release|Any CPU
	EndGlobalSection
	GlobalSection(ProjectConfigurationPlatforms) = postSolution
		{EFA5EF5E-B758-4DB8-9F99-3223A29C5076}.Debug|Any CPU.ActiveCfg = Debug|Any CPU
		{EFA5EF5E-B758-4DB8-9F99-3223A29C5076}.Debug|Any CPU.Build.0 = Debug|Any CPU
		{EFA5EF5E-B758-4DB8-9F99-3223A29C5076}.Release|Any CPU.ActiveCfg = Release|Any CPU
		{EFA5EF5E-B758-4DB8-9F99-3223A29C5076}.Release|Any CPU.Build.0 = Release|Any CPU
	EndGlobalSection
	GlobalSection(SolutionProperties) = preSolution
		HideSolutionNode = FALSE
	EndGlobalSection
	GlobalSection(ExtensibilityGlobals) = postSolution
		SolutionGuid = {AE827924-CB23-4584-9645-5923B8122B5D}
	EndGlobalSection
EndGlobal
