
Microsoft Visual Studio Solution File, Format Version 12.00
# Visual Studio Version 16
VisualStudioVersion = 16.0.29215.179
MinimumVisualStudioVersion = 10.0.40219.1
Project("{FAE04EC0-301F-11D3-BF4B-00C04F79EFBC}") = "AccessModifiersPrivate", "AccessModifiersPrivate\AccessModifiersPrivate.csproj", "{7FD088C0-3F71-446A-8665-7E3B0E134374}"
EndProject
Project("{FAE04EC0-301F-11D3-BF4B-00C04F79EFBC}") = "GoogleLibrary", "Library\GoogleLibrary.csproj", "{5E94550F-2EED-432A-AB45-E22EE9CA49E4}"
EndProject
Global
	GlobalSection(SolutionConfigurationPlatforms) = preSolution
		Debug|Any CPU = Debug|Any CPU
		Release|Any CPU = Release|Any CPU
	EndGlobalSection
	GlobalSection(ProjectConfigurationPlatforms) = postSolution
		{7FD088C0-3F71-446A-8665-7E3B0E134374}.Debug|Any CPU.ActiveCfg = Debug|Any CPU
		{7FD088C0-3F71-446A-8665-7E3B0E134374}.Debug|Any CPU.Build.0 = Debug|Any CPU
		{7FD088C0-3F71-446A-8665-7E3B0E134374}.Release|Any CPU.ActiveCfg = Release|Any CPU
		{7FD088C0-3F71-446A-8665-7E3B0E134374}.Release|Any CPU.Build.0 = Release|Any CPU
		{5E94550F-2EED-432A-AB45-E22EE9CA49E4}.Debug|Any CPU.ActiveCfg = Debug|Any CPU
		{5E94550F-2EED-432A-AB45-E22EE9CA49E4}.Debug|Any CPU.Build.0 = Debug|Any CPU
		{5E94550F-2EED-432A-AB45-E22EE9CA49E4}.Release|Any CPU.ActiveCfg = Release|Any CPU
		{5E94550F-2EED-432A-AB45-E22EE9CA49E4}.Release|Any CPU.Build.0 = Release|Any CPU
	EndGlobalSection
	GlobalSection(SolutionProperties) = preSolution
		HideSolutionNode = FALSE
	EndGlobalSection
	GlobalSection(ExtensibilityGlobals) = postSolution
		SolutionGuid = {42886BAA-38ED-45C2-819A-E9E8EA7CC3BB}
	EndGlobalSection
EndGlobal
