
Microsoft Visual Studio Solution File, Format Version 12.00
# Visual Studio Version 16
VisualStudioVersion = 16.0.29215.179
MinimumVisualStudioVersion = 10.0.40219.1
Project("{FAE04EC0-301F-11D3-BF4B-00C04F79EFBC}") = "ProduceCar", "ProduceCar.csproj", "{064DC8CB-16BF-41AF-9DF2-718ECF2673B8}"
EndProject
Global
	GlobalSection(SolutionConfigurationPlatforms) = preSolution
		Debug|Any CPU = Debug|Any CPU
		Release|Any CPU = Release|Any CPU
	EndGlobalSection
	GlobalSection(ProjectConfigurationPlatforms) = postSolution
		{064DC8CB-16BF-41AF-9DF2-718ECF2673B8}.Debug|Any CPU.ActiveCfg = Debug|Any CPU
		{064DC8CB-16BF-41AF-9DF2-718ECF2673B8}.Debug|Any CPU.Build.0 = Debug|Any CPU
		{064DC8CB-16BF-41AF-9DF2-718ECF2673B8}.Release|Any CPU.ActiveCfg = Release|Any CPU
		{064DC8CB-16BF-41AF-9DF2-718ECF2673B8}.Release|Any CPU.Build.0 = Release|Any CPU
	EndGlobalSection
	GlobalSection(SolutionProperties) = preSolution
		HideSolutionNode = FALSE
	EndGlobalSection
	GlobalSection(ExtensibilityGlobals) = postSolution
		SolutionGuid = {B1456BAE-F924-4519-82C0-E714ED48D5E0}
	EndGlobalSection
EndGlobal
