
Microsoft Visual Studio Solution File, Format Version 12.00
# Visual Studio Version 16
VisualStudioVersion = 16.0.29411.108
MinimumVisualStudioVersion = 10.0.40219.1
Project("{FAE04EC0-301F-11D3-BF4B-00C04F79EFBC}") = "FuncWithDelegate", "FuncWithDelegate\FuncWithDelegate.csproj", "{09B230D0-7EFB-4EAB-945A-7BDEC2CABFEF}"
EndProject
Global
	GlobalSection(SolutionConfigurationPlatforms) = preSolution
		Debug|Any CPU = Debug|Any CPU
		Release|Any CPU = Release|Any CPU
	EndGlobalSection
	GlobalSection(ProjectConfigurationPlatforms) = postSolution
		{09B230D0-7EFB-4EAB-945A-7BDEC2CABFEF}.Debug|Any CPU.ActiveCfg = Debug|Any CPU
		{09B230D0-7EFB-4EAB-945A-7BDEC2CABFEF}.Debug|Any CPU.Build.0 = Debug|Any CPU
		{09B230D0-7EFB-4EAB-945A-7BDEC2CABFEF}.Release|Any CPU.ActiveCfg = Release|Any CPU
		{09B230D0-7EFB-4EAB-945A-7BDEC2CABFEF}.Release|Any CPU.Build.0 = Release|Any CPU
	EndGlobalSection
	GlobalSection(SolutionProperties) = preSolution
		HideSolutionNode = FALSE
	EndGlobalSection
	GlobalSection(ExtensibilityGlobals) = postSolution
		SolutionGuid = {D8B71CA2-FBAE-46EE-BDB0-DA1EE7DE0BA8}
	EndGlobalSection
EndGlobal
