
Microsoft Visual Studio Solution File, Format Version 12.00
# Visual Studio Version 16
VisualStudioVersion = 16.0.29215.179
MinimumVisualStudioVersion = 10.0.40219.1
Project("{FAE04EC0-301F-11D3-BF4B-00C04F79EFBC}") = "Classes01", "Classes01\Classes01.csproj", "{AF460A15-9009-42D5-B1BB-D74BDD105128}"
EndProject
Global
	GlobalSection(SolutionConfigurationPlatforms) = preSolution
		Debug|Any CPU = Debug|Any CPU
		Release|Any CPU = Release|Any CPU
	EndGlobalSection
	GlobalSection(ProjectConfigurationPlatforms) = postSolution
		{AF460A15-9009-42D5-B1BB-D74BDD105128}.Debug|Any CPU.ActiveCfg = Debug|Any CPU
		{AF460A15-9009-42D5-B1BB-D74BDD105128}.Debug|Any CPU.Build.0 = Debug|Any CPU
		{AF460A15-9009-42D5-B1BB-D74BDD105128}.Release|Any CPU.ActiveCfg = Release|Any CPU
		{AF460A15-9009-42D5-B1BB-D74BDD105128}.Release|Any CPU.Build.0 = Release|Any CPU
	EndGlobalSection
	GlobalSection(SolutionProperties) = preSolution
		HideSolutionNode = FALSE
	EndGlobalSection
	GlobalSection(ExtensibilityGlobals) = postSolution
		SolutionGuid = {C2A1893B-5C20-435B-A899-DEBF36F18788}
	EndGlobalSection
EndGlobal
