
Microsoft Visual Studio Solution File, Format Version 12.00
# Visual Studio Version 16
VisualStudioVersion = 16.0.29215.179
MinimumVisualStudioVersion = 10.0.40219.1
Project("{FAE04EC0-301F-11D3-BF4B-00C04F79EFBC}") = "Test", "Test.csproj", "{BAA36803-2A69-4495-849C-82DDD4ECFE0E}"
EndProject
Global
	GlobalSection(SolutionConfigurationPlatforms) = preSolution
		Debug|Any CPU = Debug|Any CPU
		Release|Any CPU = Release|Any CPU
	EndGlobalSection
	GlobalSection(ProjectConfigurationPlatforms) = postSolution
		{BAA36803-2A69-4495-849C-82DDD4ECFE0E}.Debug|Any CPU.ActiveCfg = Debug|Any CPU
		{BAA36803-2A69-4495-849C-82DDD4ECFE0E}.Debug|Any CPU.Build.0 = Debug|Any CPU
		{BAA36803-2A69-4495-849C-82DDD4ECFE0E}.Release|Any CPU.ActiveCfg = Release|Any CPU
		{BAA36803-2A69-4495-849C-82DDD4ECFE0E}.Release|Any CPU.Build.0 = Release|Any CPU
	EndGlobalSection
	GlobalSection(SolutionProperties) = preSolution
		HideSolutionNode = FALSE
	EndGlobalSection
	GlobalSection(ExtensibilityGlobals) = postSolution
		SolutionGuid = {CFF25D30-2808-4E0E-A40F-6991553DE664}
	EndGlobalSection
EndGlobal
