
Microsoft Visual Studio Solution File, Format Version 12.00
# Visual Studio Version 16
VisualStudioVersion = 16.0.29215.179
MinimumVisualStudioVersion = 10.0.40219.1
Project("{FAE04EC0-301F-11D3-BF4B-00C04F79EFBC}") = "RomanNumeralsTDD", "RomanNumeralsTDD\RomanNumeralsTDD.csproj", "{FEB9A07C-4713-48B7-AB37-3AFFA3782998}"
EndProject
Global
	GlobalSection(SolutionConfigurationPlatforms) = preSolution
		Debug|Any CPU = Debug|Any CPU
		Release|Any CPU = Release|Any CPU
	EndGlobalSection
	GlobalSection(ProjectConfigurationPlatforms) = postSolution
		{FEB9A07C-4713-48B7-AB37-3AFFA3782998}.Debug|Any CPU.ActiveCfg = Debug|Any CPU
		{FEB9A07C-4713-48B7-AB37-3AFFA3782998}.Debug|Any CPU.Build.0 = Debug|Any CPU
		{FEB9A07C-4713-48B7-AB37-3AFFA3782998}.Release|Any CPU.ActiveCfg = Release|Any CPU
		{FEB9A07C-4713-48B7-AB37-3AFFA3782998}.Release|Any CPU.Build.0 = Release|Any CPU
	EndGlobalSection
	GlobalSection(SolutionProperties) = preSolution
		HideSolutionNode = FALSE
	EndGlobalSection
	GlobalSection(ExtensibilityGlobals) = postSolution
		SolutionGuid = {12FE80A3-0831-4CAB-B6CB-7C653D01899E}
	EndGlobalSection
EndGlobal
