
Microsoft Visual Studio Solution File, Format Version 12.00
# Visual Studio Version 16
VisualStudioVersion = 16.0.29411.108
MinimumVisualStudioVersion = 10.0.40219.1
Project("{FAE04EC0-301F-11D3-BF4B-00C04F79EFBC}") = "ParamsArrayCreate", "ParamsArrayCreate\ParamsArrayCreate.csproj", "{B98E1D2F-921D-4171-8865-49064279CA96}"
EndProject
Global
	GlobalSection(SolutionConfigurationPlatforms) = preSolution
		Debug|Any CPU = Debug|Any CPU
		Release|Any CPU = Release|Any CPU
	EndGlobalSection
	GlobalSection(ProjectConfigurationPlatforms) = postSolution
		{B98E1D2F-921D-4171-8865-49064279CA96}.Debug|Any CPU.ActiveCfg = Debug|Any CPU
		{B98E1D2F-921D-4171-8865-49064279CA96}.Debug|Any CPU.Build.0 = Debug|Any CPU
		{B98E1D2F-921D-4171-8865-49064279CA96}.Release|Any CPU.ActiveCfg = Release|Any CPU
		{B98E1D2F-921D-4171-8865-49064279CA96}.Release|Any CPU.Build.0 = Release|Any CPU
	EndGlobalSection
	GlobalSection(SolutionProperties) = preSolution
		HideSolutionNode = FALSE
	EndGlobalSection
	GlobalSection(ExtensibilityGlobals) = postSolution
		SolutionGuid = {75DB0CA3-1F27-49BF-A351-D71E0171E1DA}
	EndGlobalSection
EndGlobal
