
Microsoft Visual Studio Solution File, Format Version 12.00
# Visual Studio Version 16
VisualStudioVersion = 16.0.29215.179
MinimumVisualStudioVersion = 10.0.40219.1
Project("{FAE04EC0-301F-11D3-BF4B-00C04F79EFBC}") = "FindLongestWord", "ConsoleApp1\FindLongestWord.csproj", "{D2823252-4694-4AC7-BAFF-E7FF744E9067}"
EndProject
Global
	GlobalSection(SolutionConfigurationPlatforms) = preSolution
		Debug|Any CPU = Debug|Any CPU
		Release|Any CPU = Release|Any CPU
	EndGlobalSection
	GlobalSection(ProjectConfigurationPlatforms) = postSolution
		{D2823252-4694-4AC7-BAFF-E7FF744E9067}.Debug|Any CPU.ActiveCfg = Debug|Any CPU
		{D2823252-4694-4AC7-BAFF-E7FF744E9067}.Debug|Any CPU.Build.0 = Debug|Any CPU
		{D2823252-4694-4AC7-BAFF-E7FF744E9067}.Release|Any CPU.ActiveCfg = Release|Any CPU
		{D2823252-4694-4AC7-BAFF-E7FF744E9067}.Release|Any CPU.Build.0 = Release|Any CPU
	EndGlobalSection
	GlobalSection(SolutionProperties) = preSolution
		HideSolutionNode = FALSE
	EndGlobalSection
	GlobalSection(ExtensibilityGlobals) = postSolution
		SolutionGuid = {70CA0AD3-F43F-46E9-B6F7-1244702BA55E}
	EndGlobalSection
EndGlobal
