
Microsoft Visual Studio Solution File, Format Version 12.00
# Visual Studio Version 16
VisualStudioVersion = 16.0.29215.179
MinimumVisualStudioVersion = 10.0.40219.1
Project("{FAE04EC0-301F-11D3-BF4B-00C04F79EFBC}") = "StaticMethods", "StaticMethods\StaticMethods.csproj", "{5AC23E19-5B24-4E9A-ACE9-6A24E519FCCB}"
EndProject
Global
	GlobalSection(SolutionConfigurationPlatforms) = preSolution
		Debug|Any CPU = Debug|Any CPU
		Release|Any CPU = Release|Any CPU
	EndGlobalSection
	GlobalSection(ProjectConfigurationPlatforms) = postSolution
		{5AC23E19-5B24-4E9A-ACE9-6A24E519FCCB}.Debug|Any CPU.ActiveCfg = Debug|Any CPU
		{5AC23E19-5B24-4E9A-ACE9-6A24E519FCCB}.Debug|Any CPU.Build.0 = Debug|Any CPU
		{5AC23E19-5B24-4E9A-ACE9-6A24E519FCCB}.Release|Any CPU.ActiveCfg = Release|Any CPU
		{5AC23E19-5B24-4E9A-ACE9-6A24E519FCCB}.Release|Any CPU.Build.0 = Release|Any CPU
	EndGlobalSection
	GlobalSection(SolutionProperties) = preSolution
		HideSolutionNode = FALSE
	EndGlobalSection
	GlobalSection(ExtensibilityGlobals) = postSolution
		SolutionGuid = {F4092FBE-BF52-453B-BA58-C3DF92C2EA57}
	EndGlobalSection
EndGlobal
