
Microsoft Visual Studio Solution File, Format Version 12.00
# Visual Studio Version 16
VisualStudioVersion = 16.0.29613.14
MinimumVisualStudioVersion = 10.0.40219.1
Project("{FAE04EC0-301F-11D3-BF4B-00C04F79EFBC}") = "DeckTDD", "DeckTDD\DeckTDD.csproj", "{6AB46655-E252-40F9-BBC1-EEBA748BB79A}"
EndProject
Project("{FAE04EC0-301F-11D3-BF4B-00C04F79EFBC}") = "DeckTDDTests", "DeckTDDTests\DeckTDDTests.csproj", "{5077AF7B-482D-43C1-8E1D-CD78D593544C}"
EndProject
Global
	GlobalSection(SolutionConfigurationPlatforms) = preSolution
		Debug|Any CPU = Debug|Any CPU
		Release|Any CPU = Release|Any CPU
	EndGlobalSection
	GlobalSection(ProjectConfigurationPlatforms) = postSolution
		{6AB46655-E252-40F9-BBC1-EEBA748BB79A}.Debug|Any CPU.ActiveCfg = Debug|Any CPU
		{6AB46655-E252-40F9-BBC1-EEBA748BB79A}.Debug|Any CPU.Build.0 = Debug|Any CPU
		{6AB46655-E252-40F9-BBC1-EEBA748BB79A}.Release|Any CPU.ActiveCfg = Release|Any CPU
		{6AB46655-E252-40F9-BBC1-EEBA748BB79A}.Release|Any CPU.Build.0 = Release|Any CPU
		{5077AF7B-482D-43C1-8E1D-CD78D593544C}.Debug|Any CPU.ActiveCfg = Debug|Any CPU
		{5077AF7B-482D-43C1-8E1D-CD78D593544C}.Debug|Any CPU.Build.0 = Debug|Any CPU
		{5077AF7B-482D-43C1-8E1D-CD78D593544C}.Release|Any CPU.ActiveCfg = Release|Any CPU
		{5077AF7B-482D-43C1-8E1D-CD78D593544C}.Release|Any CPU.Build.0 = Release|Any CPU
	EndGlobalSection
	GlobalSection(SolutionProperties) = preSolution
		HideSolutionNode = FALSE
	EndGlobalSection
	GlobalSection(ExtensibilityGlobals) = postSolution
		SolutionGuid = {16983011-F4DE-4D5F-B42C-6999E3740A05}
	EndGlobalSection
EndGlobal
